// !$*UTF8*$!
{
	archiveVersion = 1;
	classes = {
	};
	objectVersion = 50;
	objects = {

/* Begin PBXBuildFile section */
		06C1FA686686DE564AF6098B /* Pods_Rideshare_CarTests.framework in Frameworks */ = {isa = PBXBuildFile; fileRef = 0223415BD512694176D62261 /* Pods_Rideshare_CarTests.framework */; };
		1EAA91DFF249B944A5DA6110 /* Pods_Rideshare_Car.framework in Frameworks */ = {isa = PBXBuildFile; fileRef = 7ED9B427348F6D0338C7E5AE /* Pods_Rideshare_Car.framework */; };
		605289529B47137C780EFDF9 /* Pods_Rideshare_CarUITests.framework in Frameworks */ = {isa = PBXBuildFile; fileRef = 16A31D3ED945BF8A2371A5CF /* Pods_Rideshare_CarUITests.framework */; };
		E26C1B1C21AF4F7F006A9C99 /* AppDelegate.swift in Sources */ = {isa = PBXBuildFile; fileRef = E26C1B1B21AF4F7F006A9C99 /* AppDelegate.swift */; };
		E26C1B1E21AF4F7F006A9C99 /* HomeVC.swift in Sources */ = {isa = PBXBuildFile; fileRef = E26C1B1D21AF4F7F006A9C99 /* HomeVC.swift */; };
		E26C1B2121AF4F7F006A9C99 /* Main.storyboard in Resources */ = {isa = PBXBuildFile; fileRef = E26C1B1F21AF4F7F006A9C99 /* Main.storyboard */; };
		E26C1B2321AF4F81006A9C99 /* Assets.xcassets in Resources */ = {isa = PBXBuildFile; fileRef = E26C1B2221AF4F81006A9C99 /* Assets.xcassets */; };
		E26C1B2621AF4F81006A9C99 /* LaunchScreen.storyboard in Resources */ = {isa = PBXBuildFile; fileRef = E26C1B2421AF4F81006A9C99 /* LaunchScreen.storyboard */; };
		E26C1B3121AF4F81006A9C99 /* Rideshare_CarTests.swift in Sources */ = {isa = PBXBuildFile; fileRef = E26C1B3021AF4F81006A9C99 /* Rideshare_CarTests.swift */; };
		E26C1B3C21AF4F81006A9C99 /* Rideshare_CarUITests.swift in Sources */ = {isa = PBXBuildFile; fileRef = E26C1B3B21AF4F81006A9C99 /* Rideshare_CarUITests.swift */; };
		E2E166B521B08174009145E5 /* GradientView.swift in Sources */ = {isa = PBXBuildFile; fileRef = E2E166B421B08174009145E5 /* GradientView.swift */; };
		E2E166B721B09CC2009145E5 /* RoundImageView.swift in Sources */ = {isa = PBXBuildFile; fileRef = E2E166B621B09CC2009145E5 /* RoundImageView.swift */; };
		E2E166B921B09E5F009145E5 /* RoundShadowView.swift in Sources */ = {isa = PBXBuildFile; fileRef = E2E166B821B09E5F009145E5 /* RoundShadowView.swift */; };
		E2E166BB21B09FF9009145E5 /* CircleView.swift in Sources */ = {isa = PBXBuildFile; fileRef = E2E166BA21B09FF9009145E5 /* CircleView.swift */; };
		E2E166BD21B0A1CF009145E5 /* RoundShadowButton.swift in Sources */ = {isa = PBXBuildFile; fileRef = E2E166BC21B0A1CF009145E5 /* RoundShadowButton.swift */; };
/* End PBXBuildFile section */

/* Begin PBXContainerItemProxy section */
		E26C1B2D21AF4F81006A9C99 /* PBXContainerItemProxy */ = {
			isa = PBXContainerItemProxy;
			containerPortal = E26C1B1021AF4F7F006A9C99 /* Project object */;
			proxyType = 1;
			remoteGlobalIDString = E26C1B1721AF4F7F006A9C99;
			remoteInfo = "Rideshare Car";
		};
		E26C1B3821AF4F81006A9C99 /* PBXContainerItemProxy */ = {
			isa = PBXContainerItemProxy;
			containerPortal = E26C1B1021AF4F7F006A9C99 /* Project object */;
			proxyType = 1;
			remoteGlobalIDString = E26C1B1721AF4F7F006A9C99;
			remoteInfo = "Rideshare Car";
		};
/* End PBXContainerItemProxy section */

/* Begin PBXFileReference section */
		0223415BD512694176D62261 /* Pods_Rideshare_CarTests.framework */ = {isa = PBXFileReference; explicitFileType = wrapper.framework; includeInIndex = 0; path = Pods_Rideshare_CarTests.framework; sourceTree = BUILT_PRODUCTS_DIR; };
		0AE0B87B0FA57479B23772C4 /* Pods-Rideshare Car.debug.xcconfig */ = {isa = PBXFileReference; includeInIndex = 1; lastKnownFileType = text.xcconfig; name = "Pods-Rideshare Car.debug.xcconfig"; path = "Pods/Target Support Files/Pods-Rideshare Car/Pods-Rideshare Car.debug.xcconfig"; sourceTree = "<group>"; };
		16A31D3ED945BF8A2371A5CF /* Pods_Rideshare_CarUITests.framework */ = {isa = PBXFileReference; explicitFileType = wrapper.framework; includeInIndex = 0; path = Pods_Rideshare_CarUITests.framework; sourceTree = BUILT_PRODUCTS_DIR; };
		1BB678BB2B10DEE1FC747489 /* Pods-Rideshare CarUITests.release.xcconfig */ = {isa = PBXFileReference; includeInIndex = 1; lastKnownFileType = text.xcconfig; name = "Pods-Rideshare CarUITests.release.xcconfig"; path = "Pods/Target Support Files/Pods-Rideshare CarUITests/Pods-Rideshare CarUITests.release.xcconfig"; sourceTree = "<group>"; };
		5A344344193E0B0EB4F93EE2 /* Pods-Rideshare CarTests.debug.xcconfig */ = {isa = PBXFileReference; includeInIndex = 1; lastKnownFileType = text.xcconfig; name = "Pods-Rideshare CarTests.debug.xcconfig"; path = "Pods/Target Support Files/Pods-Rideshare CarTests/Pods-Rideshare CarTests.debug.xcconfig"; sourceTree = "<group>"; };
		71E27B210B16D5C69A468160 /* Pods-Rideshare CarUITests.debug.xcconfig */ = {isa = PBXFileReference; includeInIndex = 1; lastKnownFileType = text.xcconfig; name = "Pods-Rideshare CarUITests.debug.xcconfig"; path = "Pods/Target Support Files/Pods-Rideshare CarUITests/Pods-Rideshare CarUITests.debug.xcconfig"; sourceTree = "<group>"; };
		78C1543896C5065C211D55A4 /* Pods-Rideshare CarTests.release.xcconfig */ = {isa = PBXFileReference; includeInIndex = 1; lastKnownFileType = text.xcconfig; name = "Pods-Rideshare CarTests.release.xcconfig"; path = "Pods/Target Support Files/Pods-Rideshare CarTests/Pods-Rideshare CarTests.release.xcconfig"; sourceTree = "<group>"; };
		7ED9B427348F6D0338C7E5AE /* Pods_Rideshare_Car.framework */ = {isa = PBXFileReference; explicitFileType = wrapper.framework; includeInIndex = 0; path = Pods_Rideshare_Car.framework; sourceTree = BUILT_PRODUCTS_DIR; };
		A48ED58048112A31F066FDA9 /* Pods-Rideshare Car.release.xcconfig */ = {isa = PBXFileReference; includeInIndex = 1; lastKnownFileType = text.xcconfig; name = "Pods-Rideshare Car.release.xcconfig"; path = "Pods/Target Support Files/Pods-Rideshare Car/Pods-Rideshare Car.release.xcconfig"; sourceTree = "<group>"; };
		E26C1B1821AF4F7F006A9C99 /* Rideshare Car.app */ = {isa = PBXFileReference; explicitFileType = wrapper.application; includeInIndex = 0; path = "Rideshare Car.app"; sourceTree = BUILT_PRODUCTS_DIR; };
		E26C1B1B21AF4F7F006A9C99 /* AppDelegate.swift */ = {isa = PBXFileReference; lastKnownFileType = sourcecode.swift; path = AppDelegate.swift; sourceTree = "<group>"; };
		E26C1B1D21AF4F7F006A9C99 /* HomeVC.swift */ = {isa = PBXFileReference; lastKnownFileType = sourcecode.swift; path = HomeVC.swift; sourceTree = "<group>"; };
		E26C1B2021AF4F7F006A9C99 /* Base */ = {isa = PBXFileReference; lastKnownFileType = file.storyboard; name = Base; path = Base.lproj/Main.storyboard; sourceTree = "<group>"; };
		E26C1B2221AF4F81006A9C99 /* Assets.xcassets */ = {isa = PBXFileReference; lastKnownFileType = folder.assetcatalog; path = Assets.xcassets; sourceTree = "<group>"; };
		E26C1B2521AF4F81006A9C99 /* Base */ = {isa = PBXFileReference; lastKnownFileType = file.storyboard; name = Base; path = Base.lproj/LaunchScreen.storyboard; sourceTree = "<group>"; };
		E26C1B2721AF4F81006A9C99 /* Info.plist */ = {isa = PBXFileReference; lastKnownFileType = text.plist.xml; path = Info.plist; sourceTree = "<group>"; };
		E26C1B2C21AF4F81006A9C99 /* Rideshare CarTests.xctest */ = {isa = PBXFileReference; explicitFileType = wrapper.cfbundle; includeInIndex = 0; path = "Rideshare CarTests.xctest"; sourceTree = BUILT_PRODUCTS_DIR; };
		E26C1B3021AF4F81006A9C99 /* Rideshare_CarTests.swift */ = {isa = PBXFileReference; lastKnownFileType = sourcecode.swift; path = Rideshare_CarTests.swift; sourceTree = "<group>"; };
		E26C1B3221AF4F81006A9C99 /* Info.plist */ = {isa = PBXFileReference; lastKnownFileType = text.plist.xml; path = Info.plist; sourceTree = "<group>"; };
		E26C1B3721AF4F81006A9C99 /* Rideshare CarUITests.xctest */ = {isa = PBXFileReference; explicitFileType = wrapper.cfbundle; includeInIndex = 0; path = "Rideshare CarUITests.xctest"; sourceTree = BUILT_PRODUCTS_DIR; };
		E26C1B3B21AF4F81006A9C99 /* Rideshare_CarUITests.swift */ = {isa = PBXFileReference; lastKnownFileType = sourcecode.swift; path = Rideshare_CarUITests.swift; sourceTree = "<group>"; };
		E26C1B3D21AF4F81006A9C99 /* Info.plist */ = {isa = PBXFileReference; lastKnownFileType = text.plist.xml; path = Info.plist; sourceTree = "<group>"; };
		E2E166B421B08174009145E5 /* GradientView.swift */ = {isa = PBXFileReference; lastKnownFileType = sourcecode.swift; path = GradientView.swift; sourceTree = "<group>"; };
		E2E166B621B09CC2009145E5 /* RoundImageView.swift */ = {isa = PBXFileReference; lastKnownFileType = sourcecode.swift; path = RoundImageView.swift; sourceTree = "<group>"; };
		E2E166B821B09E5F009145E5 /* RoundShadowView.swift */ = {isa = PBXFileReference; lastKnownFileType = sourcecode.swift; path = RoundShadowView.swift; sourceTree = "<group>"; };
		E2E166BA21B09FF9009145E5 /* CircleView.swift */ = {isa = PBXFileReference; lastKnownFileType = sourcecode.swift; path = CircleView.swift; sourceTree = "<group>"; };
		E2E166BC21B0A1CF009145E5 /* RoundShadowButton.swift */ = {isa = PBXFileReference; lastKnownFileType = sourcecode.swift; path = RoundShadowButton.swift; sourceTree = "<group>"; };
/* End PBXFileReference section */

/* Begin PBXFrameworksBuildPhase section */
		E26C1B1521AF4F7F006A9C99 /* Frameworks */ = {
			isa = PBXFrameworksBuildPhase;
			buildActionMask = 2147483647;
			files = (
				1EAA91DFF249B944A5DA6110 /* Pods_Rideshare_Car.framework in Frameworks */,
			);
			runOnlyForDeploymentPostprocessing = 0;
		};
		E26C1B2921AF4F81006A9C99 /* Frameworks */ = {
			isa = PBXFrameworksBuildPhase;
			buildActionMask = 2147483647;
			files = (
				06C1FA686686DE564AF6098B /* Pods_Rideshare_CarTests.framework in Frameworks */,
			);
			runOnlyForDeploymentPostprocessing = 0;
		};
		E26C1B3421AF4F81006A9C99 /* Frameworks */ = {
			isa = PBXFrameworksBuildPhase;
			buildActionMask = 2147483647;
			files = (
				605289529B47137C780EFDF9 /* Pods_Rideshare_CarUITests.framework in Frameworks */,
			);
			runOnlyForDeploymentPostprocessing = 0;
		};
/* End PBXFrameworksBuildPhase section */

/* Begin PBXGroup section */
		0133AD6D5BC53D5843966B22 /* Frameworks */ = {
			isa = PBXGroup;
			children = (
				7ED9B427348F6D0338C7E5AE /* Pods_Rideshare_Car.framework */,
				0223415BD512694176D62261 /* Pods_Rideshare_CarTests.framework */,
				16A31D3ED945BF8A2371A5CF /* Pods_Rideshare_CarUITests.framework */,
			);
			name = Frameworks;
			sourceTree = "<group>";
		};
		641408E4A9B9580C44EB0BD0 /* Pods */ = {
			isa = PBXGroup;
			children = (
				0AE0B87B0FA57479B23772C4 /* Pods-Rideshare Car.debug.xcconfig */,
				A48ED58048112A31F066FDA9 /* Pods-Rideshare Car.release.xcconfig */,
				5A344344193E0B0EB4F93EE2 /* Pods-Rideshare CarTests.debug.xcconfig */,
				78C1543896C5065C211D55A4 /* Pods-Rideshare CarTests.release.xcconfig */,
				71E27B210B16D5C69A468160 /* Pods-Rideshare CarUITests.debug.xcconfig */,
				1BB678BB2B10DEE1FC747489 /* Pods-Rideshare CarUITests.release.xcconfig */,
			);
			name = Pods;
			sourceTree = "<group>";
		};
		E26C1B0F21AF4F7F006A9C99 = {
			isa = PBXGroup;
			children = (
				E26C1B1A21AF4F7F006A9C99 /* Rideshare Car */,
				E26C1B2F21AF4F81006A9C99 /* Rideshare CarTests */,
				E26C1B3A21AF4F81006A9C99 /* Rideshare CarUITests */,
				E26C1B1921AF4F7F006A9C99 /* Products */,
				641408E4A9B9580C44EB0BD0 /* Pods */,
				0133AD6D5BC53D5843966B22 /* Frameworks */,
			);
			sourceTree = "<group>";
		};
		E26C1B1921AF4F7F006A9C99 /* Products */ = {
			isa = PBXGroup;
			children = (
				E26C1B1821AF4F7F006A9C99 /* Rideshare Car.app */,
				E26C1B2C21AF4F81006A9C99 /* Rideshare CarTests.xctest */,
				E26C1B3721AF4F81006A9C99 /* Rideshare CarUITests.xctest */,
			);
			name = Products;
			sourceTree = "<group>";
		};
		E26C1B1A21AF4F7F006A9C99 /* Rideshare Car */ = {
			isa = PBXGroup;
			children = (
				E26C1B1B21AF4F7F006A9C99 /* AppDelegate.swift */,
				E2E166B321B0813D009145E5 /* Model */,
				E2E166B221B08137009145E5 /* View */,
				E2E166B121B08130009145E5 /* Controller */,
				E26C1B2221AF4F81006A9C99 /* Assets.xcassets */,
				E26C1B2721AF4F81006A9C99 /* Info.plist */,
			);
			path = "Rideshare Car";
			sourceTree = "<group>";
		};
		E26C1B2F21AF4F81006A9C99 /* Rideshare CarTests */ = {
			isa = PBXGroup;
			children = (
				E26C1B3021AF4F81006A9C99 /* Rideshare_CarTests.swift */,
				E26C1B3221AF4F81006A9C99 /* Info.plist */,
			);
			path = "Rideshare CarTests";
			sourceTree = "<group>";
		};
		E26C1B3A21AF4F81006A9C99 /* Rideshare CarUITests */ = {
			isa = PBXGroup;
			children = (
				E26C1B3B21AF4F81006A9C99 /* Rideshare_CarUITests.swift */,
				E26C1B3D21AF4F81006A9C99 /* Info.plist */,
			);
			path = "Rideshare CarUITests";
			sourceTree = "<group>";
		};
		E2E166B121B08130009145E5 /* Controller */ = {
			isa = PBXGroup;
			children = (
				E26C1B1D21AF4F7F006A9C99 /* HomeVC.swift */,
			);
			path = Controller;
			sourceTree = "<group>";
		};
		E2E166B221B08137009145E5 /* View */ = {
			isa = PBXGroup;
			children = (
				E26C1B2421AF4F81006A9C99 /* LaunchScreen.storyboard */,
				E26C1B1F21AF4F7F006A9C99 /* Main.storyboard */,
				E2E166B421B08174009145E5 /* GradientView.swift */,
				E2E166B621B09CC2009145E5 /* RoundImageView.swift */,
				E2E166B821B09E5F009145E5 /* RoundShadowView.swift */,
				E2E166BC21B0A1CF009145E5 /* RoundShadowButton.swift */,
				E2E166BA21B09FF9009145E5 /* CircleView.swift */,
			);
			path = View;
			sourceTree = "<group>";
		};
		E2E166B321B0813D009145E5 /* Model */ = {
			isa = PBXGroup;
			children = (
			);
			path = Model;
			sourceTree = "<group>";
		};
/* End PBXGroup section */

/* Begin PBXNativeTarget section */
		E26C1B1721AF4F7F006A9C99 /* Rideshare Car */ = {
			isa = PBXNativeTarget;
			buildConfigurationList = E26C1B4021AF4F81006A9C99 /* Build configuration list for PBXNativeTarget "Rideshare Car" */;
			buildPhases = (
				862AECA6348F4DAB7F9E104D /* [CP] Check Pods Manifest.lock */,
				E26C1B1421AF4F7F006A9C99 /* Sources */,
				E26C1B1521AF4F7F006A9C99 /* Frameworks */,
				E26C1B1621AF4F7F006A9C99 /* Resources */,
				8129B5AC1BF9D18F1B731C1B /* [CP] Embed Pods Frameworks */,
			);
			buildRules = (
			);
			dependencies = (
			);
			name = "Rideshare Car";
			productName = "Rideshare Car";
			productReference = E26C1B1821AF4F7F006A9C99 /* Rideshare Car.app */;
			productType = "com.apple.product-type.application";
		};
		E26C1B2B21AF4F81006A9C99 /* Rideshare CarTests */ = {
			isa = PBXNativeTarget;
			buildConfigurationList = E26C1B4321AF4F81006A9C99 /* Build configuration list for PBXNativeTarget "Rideshare CarTests" */;
			buildPhases = (
				1C48150B5EAE883AA27F367D /* [CP] Check Pods Manifest.lock */,
				E26C1B2821AF4F81006A9C99 /* Sources */,
				E26C1B2921AF4F81006A9C99 /* Frameworks */,
				E26C1B2A21AF4F81006A9C99 /* Resources */,
			);
			buildRules = (
			);
			dependencies = (
				E26C1B2E21AF4F81006A9C99 /* PBXTargetDependency */,
			);
			name = "Rideshare CarTests";
			productName = "Rideshare CarTests";
			productReference = E26C1B2C21AF4F81006A9C99 /* Rideshare CarTests.xctest */;
			productType = "com.apple.product-type.bundle.unit-test";
		};
		E26C1B3621AF4F81006A9C99 /* Rideshare CarUITests */ = {
			isa = PBXNativeTarget;
			buildConfigurationList = E26C1B4621AF4F81006A9C99 /* Build configuration list for PBXNativeTarget "Rideshare CarUITests" */;
			buildPhases = (
				10C01562867369794B2761F0 /* [CP] Check Pods Manifest.lock */,
				E26C1B3321AF4F81006A9C99 /* Sources */,
				E26C1B3421AF4F81006A9C99 /* Frameworks */,
				E26C1B3521AF4F81006A9C99 /* Resources */,
			);
			buildRules = (
			);
			dependencies = (
				E26C1B3921AF4F81006A9C99 /* PBXTargetDependency */,
			);
			name = "Rideshare CarUITests";
			productName = "Rideshare CarUITests";
			productReference = E26C1B3721AF4F81006A9C99 /* Rideshare CarUITests.xctest */;
			productType = "com.apple.product-type.bundle.ui-testing";
		};
/* End PBXNativeTarget section */

/* Begin PBXProject section */
		E26C1B1021AF4F7F006A9C99 /* Project object */ = {
			isa = PBXProject;
			attributes = {
				LastSwiftUpdateCheck = 1010;
				LastUpgradeCheck = 1010;
				ORGANIZATIONNAME = "Kesley Ribeiro";
				TargetAttributes = {
					E26C1B1721AF4F7F006A9C99 = {
						CreatedOnToolsVersion = 10.1;
					};
					E26C1B2B21AF4F81006A9C99 = {
						CreatedOnToolsVersion = 10.1;
						TestTargetID = E26C1B1721AF4F7F006A9C99;
					};
					E26C1B3621AF4F81006A9C99 = {
						CreatedOnToolsVersion = 10.1;
						TestTargetID = E26C1B1721AF4F7F006A9C99;
					};
				};
			};
			buildConfigurationList = E26C1B1321AF4F7F006A9C99 /* Build configuration list for PBXProject "Rideshare Car" */;
			compatibilityVersion = "Xcode 9.3";
			developmentRegion = en;
			hasScannedForEncodings = 0;
			knownRegions = (
				en,
				Base,
			);
			mainGroup = E26C1B0F21AF4F7F006A9C99;
			productRefGroup = E26C1B1921AF4F7F006A9C99 /* Products */;
			projectDirPath = "";
			projectRoot = "";
			targets = (
				E26C1B1721AF4F7F006A9C99 /* Rideshare Car */,
				E26C1B2B21AF4F81006A9C99 /* Rideshare CarTests */,
				E26C1B3621AF4F81006A9C99 /* Rideshare CarUITests */,
			);
		};
/* End PBXProject section */

/* Begin PBXResourcesBuildPhase section */
		E26C1B1621AF4F7F006A9C99 /* Resources */ = {
			isa = PBXResourcesBuildPhase;
			buildActionMask = 2147483647;
			files = (
				E26C1B2621AF4F81006A9C99 /* LaunchScreen.storyboard in Resources */,
				E26C1B2321AF4F81006A9C99 /* Assets.xcassets in Resources */,
				E26C1B2121AF4F7F006A9C99 /* Main.storyboard in Resources */,
			);
			runOnlyForDeploymentPostprocessing = 0;
		};
		E26C1B2A21AF4F81006A9C99 /* Resources */ = {
			isa = PBXResourcesBuildPhase;
			buildActionMask = 2147483647;
			files = (
			);
			runOnlyForDeploymentPostprocessing = 0;
		};
		E26C1B3521AF4F81006A9C99 /* Resources */ = {
			isa = PBXResourcesBuildPhase;
			buildActionMask = 2147483647;
			files = (
			);
			runOnlyForDeploymentPostprocessing = 0;
		};
/* End PBXResourcesBuildPhase section */

/* Begin PBXShellScriptBuildPhase section */
		10C01562867369794B2761F0 /* [CP] Check Pods Manifest.lock */ = {
			isa = PBXShellScriptBuildPhase;
			buildActionMask = 2147483647;
			files = (
			);
			inputPaths = (
				"${PODS_PODFILE_DIR_PATH}/Podfile.lock",
				"${PODS_ROOT}/Manifest.lock",
			);
			name = "[CP] Check Pods Manifest.lock";
			outputPaths = (
				"$(DERIVED_FILE_DIR)/Pods-Rideshare CarUITests-checkManifestLockResult.txt",
			);
			runOnlyForDeploymentPostprocessing = 0;
			shellPath = /bin/sh;
			shellScript = "diff \"${PODS_PODFILE_DIR_PATH}/Podfile.lock\" \"${PODS_ROOT}/Manifest.lock\" > /dev/null\nif [ $? != 0 ] ; then\n    # print error to STDERR\n    echo \"error: The sandbox is not in sync with the Podfile.lock. Run 'pod install' or update your CocoaPods installation.\" >&2\n    exit 1\nfi\n# This output is used by Xcode 'outputs' to avoid re-running this script phase.\necho \"SUCCESS\" > \"${SCRIPT_OUTPUT_FILE_0}\"\n";
			showEnvVarsInLog = 0;
		};
		1C48150B5EAE883AA27F367D /* [CP] Check Pods Manifest.lock */ = {
			isa = PBXShellScriptBuildPhase;
			buildActionMask = 2147483647;
			files = (
			);
			inputPaths = (
				"${PODS_PODFILE_DIR_PATH}/Podfile.lock",
				"${PODS_ROOT}/Manifest.lock",
			);
			name = "[CP] Check Pods Manifest.lock";
			outputPaths = (
				"$(DERIVED_FILE_DIR)/Pods-Rideshare CarTests-checkManifestLockResult.txt",
			);
			runOnlyForDeploymentPostprocessing = 0;
			shellPath = /bin/sh;
			shellScript = "diff \"${PODS_PODFILE_DIR_PATH}/Podfile.lock\" \"${PODS_ROOT}/Manifest.lock\" > /dev/null\nif [ $? != 0 ] ; then\n    # print error to STDERR\n    echo \"error: The sandbox is not in sync with the Podfile.lock. Run 'pod install' or update your CocoaPods installation.\" >&2\n    exit 1\nfi\n# This output is used by Xcode 'outputs' to avoid re-running this script phase.\necho \"SUCCESS\" > \"${SCRIPT_OUTPUT_FILE_0}\"\n";
			showEnvVarsInLog = 0;
		};
		8129B5AC1BF9D18F1B731C1B /* [CP] Embed Pods Frameworks */ = {
			isa = PBXShellScriptBuildPhase;
			buildActionMask = 2147483647;
			files = (
			);
			inputPaths = (
				"${SRCROOT}/Pods/Target Support Files/Pods-Rideshare Car/Pods-Rideshare Car-frameworks.sh",
				"${BUILT_PRODUCTS_DIR}/GTMSessionFetcher/GTMSessionFetcher.framework",
				"${BUILT_PRODUCTS_DIR}/GoogleUtilities/GoogleUtilities.framework",
				"${BUILT_PRODUCTS_DIR}/RevealingSplashView/RevealingSplashView.framework",
				"${BUILT_PRODUCTS_DIR}/leveldb-library/leveldb.framework",
				"${BUILT_PRODUCTS_DIR}/nanopb/nanopb.framework",
			);
			name = "[CP] Embed Pods Frameworks";
			outputPaths = (
				"${TARGET_BUILD_DIR}/${FRAMEWORKS_FOLDER_PATH}/GTMSessionFetcher.framework",
				"${TARGET_BUILD_DIR}/${FRAMEWORKS_FOLDER_PATH}/GoogleUtilities.framework",
				"${TARGET_BUILD_DIR}/${FRAMEWORKS_FOLDER_PATH}/RevealingSplashView.framework",
				"${TARGET_BUILD_DIR}/${FRAMEWORKS_FOLDER_PATH}/leveldb.framework",
				"${TARGET_BUILD_DIR}/${FRAMEWORKS_FOLDER_PATH}/nanopb.framework",
			);
			runOnlyForDeploymentPostprocessing = 0;
			shellPath = /bin/sh;
			shellScript = "\"${SRCROOT}/Pods/Target Support Files/Pods-Rideshare Car/Pods-Rideshare Car-frameworks.sh\"\n";
			showEnvVarsInLog = 0;
		};
		862AECA6348F4DAB7F9E104D /* [CP] Check Pods Manifest.lock */ = {
			isa = PBXShellScriptBuildPhase;
			buildActionMask = 2147483647;
			files = (
			);
			inputPaths = (
				"${PODS_PODFILE_DIR_PATH}/Podfile.lock",
				"${PODS_ROOT}/Manifest.lock",
			);
			name = "[CP] Check Pods Manifest.lock";
			outputPaths = (
				"$(DERIVED_FILE_DIR)/Pods-Rideshare Car-checkManifestLockResult.txt",
			);
			runOnlyForDeploymentPostprocessing = 0;
			shellPath = /bin/sh;
			shellScript = "diff \"${PODS_PODFILE_DIR_PATH}/Podfile.lock\" \"${PODS_ROOT}/Manifest.lock\" > /dev/null\nif [ $? != 0 ] ; then\n    # print error to STDERR\n    echo \"error: The sandbox is not in sync with the Podfile.lock. Run 'pod install' or update your CocoaPods installation.\" >&2\n    exit 1\nfi\n# This output is used by Xcode 'outputs' to avoid re-running this script phase.\necho \"SUCCESS\" > \"${SCRIPT_OUTPUT_FILE_0}\"\n";
			showEnvVarsInLog = 0;
		};
/* End PBXShellScriptBuildPhase section */

/* Begin PBXSourcesBuildPhase section */
		E26C1B1421AF4F7F006A9C99 /* Sources */ = {
			isa = PBXSourcesBuildPhase;
			buildActionMask = 2147483647;
			files = (
				E2E166BB21B09FF9009145E5 /* CircleView.swift in Sources */,
				E2E166B921B09E5F009145E5 /* RoundShadowView.swift in Sources */,
				E26C1B1E21AF4F7F006A9C99 /* HomeVC.swift in Sources */,
				E2E166B721B09CC2009145E5 /* RoundImageView.swift in Sources */,
				E26C1B1C21AF4F7F006A9C99 /* AppDelegate.swift in Sources */,
				E2E166BD21B0A1CF009145E5 /* RoundShadowButton.swift in Sources */,
				E2E166B521B08174009145E5 /* GradientView.swift in Sources */,
			);
			runOnlyForDeploymentPostprocessing = 0;
		};
		E26C1B2821AF4F81006A9C99 /* Sources */ = {
			isa = PBXSourcesBuildPhase;
			buildActionMask = 2147483647;
			files = (
				E26C1B3121AF4F81006A9C99 /* Rideshare_CarTests.swift in Sources */,
			);
			runOnlyForDeploymentPostprocessing = 0;
		};
		E26C1B3321AF4F81006A9C99 /* Sources */ = {
			isa = PBXSourcesBuildPhase;
			buildActionMask = 2147483647;
			files = (
				E26C1B3C21AF4F81006A9C99 /* Rideshare_CarUITests.swift in Sources */,
			);
			runOnlyForDeploymentPostprocessing = 0;
		};
/* End PBXSourcesBuildPhase section */

/* Begin PBXTargetDependency section */
		E26C1B2E21AF4F81006A9C99 /* PBXTargetDependency */ = {
			isa = PBXTargetDependency;
			target = E26C1B1721AF4F7F006A9C99 /* Rideshare Car */;
			targetProxy = E26C1B2D21AF4F81006A9C99 /* PBXContainerItemProxy */;
		};
		E26C1B3921AF4F81006A9C99 /* PBXTargetDependency */ = {
			isa = PBXTargetDependency;
			target = E26C1B1721AF4F7F006A9C99 /* Rideshare Car */;
			targetProxy = E26C1B3821AF4F81006A9C99 /* PBXContainerItemProxy */;
		};
/* End PBXTargetDependency section */

/* Begin PBXVariantGroup section */
		E26C1B1F21AF4F7F006A9C99 /* Main.storyboard */ = {
			isa = PBXVariantGroup;
			children = (
				E26C1B2021AF4F7F006A9C99 /* Base */,
			);
			name = Main.storyboard;
			sourceTree = "<group>";
		};
		E26C1B2421AF4F81006A9C99 /* LaunchScreen.storyboard */ = {
			isa = PBXVariantGroup;
			children = (
				E26C1B2521AF4F81006A9C99 /* Base */,
			);
			name = LaunchScreen.storyboard;
			sourceTree = "<group>";
		};
/* End PBXVariantGroup section */

/* Begin XCBuildConfiguration section */
		E26C1B3E21AF4F81006A9C99 /* Debug */ = {
			isa = XCBuildConfiguration;
			buildSettings = {
				ALWAYS_SEARCH_USER_PATHS = NO;
				CLANG_ANALYZER_NONNULL = YES;
				CLANG_ANALYZER_NUMBER_OBJECT_CONVERSION = YES_AGGRESSIVE;
				CLANG_CXX_LANGUAGE_STANDARD = "gnu++14";
				CLANG_CXX_LIBRARY = "libc++";
				CLANG_ENABLE_MODULES = YES;
				CLANG_ENABLE_OBJC_ARC = YES;
				CLANG_ENABLE_OBJC_WEAK = YES;
				CLANG_WARN_BLOCK_CAPTURE_AUTORELEASING = YES;
				CLANG_WARN_BOOL_CONVERSION = YES;
				CLANG_WARN_COMMA = YES;
				CLANG_WARN_CONSTANT_CONVERSION = YES;
				CLANG_WARN_DEPRECATED_OBJC_IMPLEMENTATIONS = YES;
				CLANG_WARN_DIRECT_OBJC_ISA_USAGE = YES_ERROR;
				CLANG_WARN_DOCUMENTATION_COMMENTS = YES;
				CLANG_WARN_EMPTY_BODY = YES;
				CLANG_WARN_ENUM_CONVERSION = YES;
				CLANG_WARN_INFINITE_RECURSION = YES;
				CLANG_WARN_INT_CONVERSION = YES;
				CLANG_WARN_NON_LITERAL_NULL_CONVERSION = YES;
				CLANG_WARN_OBJC_IMPLICIT_RETAIN_SELF = YES;
				CLANG_WARN_OBJC_LITERAL_CONVERSION = YES;
				CLANG_WARN_OBJC_ROOT_CLASS = YES_ERROR;
				CLANG_WARN_RANGE_LOOP_ANALYSIS = YES;
				CLANG_WARN_STRICT_PROTOTYPES = YES;
				CLANG_WARN_SUSPICIOUS_MOVE = YES;
				CLANG_WARN_UNGUARDED_AVAILABILITY = YES_AGGRESSIVE;
				CLANG_WARN_UNREACHABLE_CODE = YES;
				CLANG_WARN__DUPLICATE_METHOD_MATCH = YES;
				CODE_SIGN_IDENTITY = "iPhone Developer";
				COPY_PHASE_STRIP = NO;
				DEBUG_INFORMATION_FORMAT = dwarf;
				ENABLE_STRICT_OBJC_MSGSEND = YES;
				ENABLE_TESTABILITY = YES;
				GCC_C_LANGUAGE_STANDARD = gnu11;
				GCC_DYNAMIC_NO_PIC = NO;
				GCC_NO_COMMON_BLOCKS = YES;
				GCC_OPTIMIZATION_LEVEL = 0;
				GCC_PREPROCESSOR_DEFINITIONS = (
					"DEBUG=1",
					"$(inherited)",
				);
				GCC_WARN_64_TO_32_BIT_CONVERSION = YES;
				GCC_WARN_ABOUT_RETURN_TYPE = YES_ERROR;
				GCC_WARN_UNDECLARED_SELECTOR = YES;
				GCC_WARN_UNINITIALIZED_AUTOS = YES_AGGRESSIVE;
				GCC_WARN_UNUSED_FUNCTION = YES;
				GCC_WARN_UNUSED_VARIABLE = YES;
				IPHONEOS_DEPLOYMENT_TARGET = 12.1;
				MTL_ENABLE_DEBUG_INFO = INCLUDE_SOURCE;
				MTL_FAST_MATH = YES;
				ONLY_ACTIVE_ARCH = YES;
				SDKROOT = iphoneos;
				SWIFT_ACTIVE_COMPILATION_CONDITIONS = DEBUG;
				SWIFT_OPTIMIZATION_LEVEL = "-Onone";
			};
			name = Debug;
		};
		E26C1B3F21AF4F81006A9C99 /* Release */ = {
			isa = XCBuildConfiguration;
			buildSettings = {
				ALWAYS_SEARCH_USER_PATHS = NO;
				CLANG_ANALYZER_NONNULL = YES;
				CLANG_ANALYZER_NUMBER_OBJECT_CONVERSION = YES_AGGRESSIVE;
				CLANG_CXX_LANGUAGE_STANDARD = "gnu++14";
				CLANG_CXX_LIBRARY = "libc++";
				CLANG_ENABLE_MODULES = YES;
				CLANG_ENABLE_OBJC_ARC = YES;
				CLANG_ENABLE_OBJC_WEAK = YES;
				CLANG_WARN_BLOCK_CAPTURE_AUTORELEASING = YES;
				CLANG_WARN_BOOL_CONVERSION = YES;
				CLANG_WARN_COMMA = YES;
				CLANG_WARN_CONSTANT_CONVERSION = YES;
				CLANG_WARN_DEPRECATED_OBJC_IMPLEMENTATIONS = YES;
				CLANG_WARN_DIRECT_OBJC_ISA_USAGE = YES_ERROR;
				CLANG_WARN_DOCUMENTATION_COMMENTS = YES;
				CLANG_WARN_EMPTY_BODY = YES;
				CLANG_WARN_ENUM_CONVERSION = YES;
				CLANG_WARN_INFINITE_RECURSION = YES;
				CLANG_WARN_INT_CONVERSION = YES;
				CLANG_WARN_NON_LITERAL_NULL_CONVERSION = YES;
				CLANG_WARN_OBJC_IMPLICIT_RETAIN_SELF = YES;
				CLANG_WARN_OBJC_LITERAL_CONVERSION = YES;
				CLANG_WARN_OBJC_ROOT_CLASS = YES_ERROR;
				CLANG_WARN_RANGE_LOOP_ANALYSIS = YES;
				CLANG_WARN_STRICT_PROTOTYPES = YES;
				CLANG_WARN_SUSPICIOUS_MOVE = YES;
				CLANG_WARN_UNGUARDED_AVAILABILITY = YES_AGGRESSIVE;
				CLANG_WARN_UNREACHABLE_CODE = YES;
				CLANG_WARN__DUPLICATE_METHOD_MATCH = YES;
				CODE_SIGN_IDENTITY = "iPhone Developer";
				COPY_PHASE_STRIP = NO;
				DEBUG_INFORMATION_FORMAT = "dwarf-with-dsym";
				ENABLE_NS_ASSERTIONS = NO;
				ENABLE_STRICT_OBJC_MSGSEND = YES;
				GCC_C_LANGUAGE_STANDARD = gnu11;
				GCC_NO_COMMON_BLOCKS = YES;
				GCC_WARN_64_TO_32_BIT_CONVERSION = YES;
				GCC_WARN_ABOUT_RETURN_TYPE = YES_ERROR;
				GCC_WARN_UNDECLARED_SELECTOR = YES;
				GCC_WARN_UNINITIALIZED_AUTOS = YES_AGGRESSIVE;
				GCC_WARN_UNUSED_FUNCTION = YES;
				GCC_WARN_UNUSED_VARIABLE = YES;
				IPHONEOS_DEPLOYMENT_TARGET = 12.1;
				MTL_ENABLE_DEBUG_INFO = NO;
				MTL_FAST_MATH = YES;
				SDKROOT = iphoneos;
				SWIFT_COMPILATION_MODE = wholemodule;
				SWIFT_OPTIMIZATION_LEVEL = "-O";
				VALIDATE_PRODUCT = YES;
			};
			name = Release;
		};
		E26C1B4121AF4F81006A9C99 /* Debug */ = {
			isa = XCBuildConfiguration;
			baseConfigurationReference = 0AE0B87B0FA57479B23772C4 /* Pods-Rideshare Car.debug.xcconfig */;
			buildSettings = {
				ASSETCATALOG_COMPILER_APPICON_NAME = AppIcon;
				CODE_SIGN_STYLE = Automatic;
				DEVELOPMENT_TEAM = 243DK6F34T;
				INFOPLIST_FILE = "Rideshare Car/Info.plist";
				LD_RUNPATH_SEARCH_PATHS = (
					"$(inherited)",
					"@executable_path/Frameworks",
				);
				PRODUCT_BUNDLE_IDENTIFIER = "com.kesleyribeiro.Rideshare-Car";
				PRODUCT_NAME = "$(TARGET_NAME)";
				SWIFT_VERSION = 4.2;
				TARGETED_DEVICE_FAMILY = "1,2";
			};
			name = Debug;
		};
		E26C1B4221AF4F81006A9C99 /* Release */ = {
			isa = XCBuildConfiguration;
			baseConfigurationReference = A48ED58048112A31F066FDA9 /* Pods-Rideshare Car.release.xcconfig */;
			buildSettings = {
				ASSETCATALOG_COMPILER_APPICON_NAME = AppIcon;
				CODE_SIGN_STYLE = Automatic;
				DEVELOPMENT_TEAM = 243DK6F34T;
				INFOPLIST_FILE = "Rideshare Car/Info.plist";
				LD_RUNPATH_SEARCH_PATHS = (
					"$(inherited)",
					"@executable_path/Frameworks",
				);
				PRODUCT_BUNDLE_IDENTIFIER = "com.kesleyribeiro.Rideshare-Car";
				PRODUCT_NAME = "$(TARGET_NAME)";
				SWIFT_VERSION = 4.2;
				TARGETED_DEVICE_FAMILY = "1,2";
			};
			name = Release;
		};
		E26C1B4421AF4F81006A9C99 /* Debug */ = {
			isa = XCBuildConfiguration;
			baseConfigurationReference = 5A344344193E0B0EB4F93EE2 /* Pods-Rideshare CarTests.debug.xcconfig */;
			buildSettings = {
				ALWAYS_EMBED_SWIFT_STANDARD_LIBRARIES = YES;
				BUNDLE_LOADER = "$(TEST_HOST)";
				CODE_SIGN_STYLE = Automatic;
				DEVELOPMENT_TEAM = 243DK6F34T;
				INFOPLIST_FILE = "Rideshare CarTests/Info.plist";
				LD_RUNPATH_SEARCH_PATHS = (
					"$(inherited)",
					"@executable_path/Frameworks",
					"@loader_path/Frameworks",
				);
				PRODUCT_BUNDLE_IDENTIFIER = "com.kesleyribeiro.Rideshare-CarTests";
				PRODUCT_NAME = "$(TARGET_NAME)";
				SWIFT_VERSION = 4.2;
				TARGETED_DEVICE_FAMILY = "1,2";
				TEST_HOST = "$(BUILT_PRODUCTS_DIR)/Rideshare Car.app/Rideshare Car";
			};
			name = Debug;
		};
		E26C1B4521AF4F81006A9C99 /* Release */ = {
			isa = XCBuildConfiguration;
			baseConfigurationReference = 78C1543896C5065C211D55A4 /* Pods-Rideshare CarTests.release.xcconfig */;
			buildSettings = {
				ALWAYS_EMBED_SWIFT_STANDARD_LIBRARIES = YES;
				BUNDLE_LOADER = "$(TEST_HOST)";
				CODE_SIGN_STYLE = Automatic;
				DEVELOPMENT_TEAM = 243DK6F34T;
				INFOPLIST_FILE = "Rideshare CarTests/Info.plist";
				LD_RUNPATH_SEARCH_PATHS = (
					"$(inherited)",
					"@executable_path/Frameworks",
					"@loader_path/Frameworks",
				);
				PRODUCT_BUNDLE_IDENTIFIER = "com.kesleyribeiro.Rideshare-CarTests";
				PRODUCT_NAME = "$(TARGET_NAME)";
				SWIFT_VERSION = 4.2;
				TARGETED_DEVICE_FAMILY = "1,2";
				TEST_HOST = "$(BUILT_PRODUCTS_DIR)/Rideshare Car.app/Rideshare Car";
			};
			name = Release;
		};
		E26C1B4721AF4F81006A9C99 /* Debug */ = {
			isa = XCBuildConfiguration;
			baseConfigurationReference = 71E27B210B16D5C69A468160 /* Pods-Rideshare CarUITests.debug.xcconfig */;
			buildSettings = {
				ALWAYS_EMBED_SWIFT_STANDARD_LIBRARIES = YES;
				CODE_SIGN_STYLE = Automatic;
				DEVELOPMENT_TEAM = 243DK6F34T;
				INFOPLIST_FILE = "Rideshare CarUITests/Info.plist";
				LD_RUNPATH_SEARCH_PATHS = (
					"$(inherited)",
					"@executable_path/Frameworks",
					"@loader_path/Frameworks",
				);
				PRODUCT_BUNDLE_IDENTIFIER = "com.kesleyribeiro.Rideshare-CarUITests";
				PRODUCT_NAME = "$(TARGET_NAME)";
				SWIFT_VERSION = 4.2;
				TARGETED_DEVICE_FAMILY = "1,2";
				TEST_TARGET_NAME = "Rideshare Car";
			};
			name = Debug;
		};
		E26C1B4821AF4F81006A9C99 /* Release */ = {
			isa = XCBuildConfiguration;
			baseConfigurationReference = 1BB678BB2B10DEE1FC747489 /* Pods-Rideshare CarUITests.release.xcconfig */;
			buildSettings = {
				ALWAYS_EMBED_SWIFT_STANDARD_LIBRARIES = YES;
				CODE_SIGN_STYLE = Automatic;
				DEVELOPMENT_TEAM = 243DK6F34T;
				INFOPLIST_FILE = "Rideshare CarUITests/Info.plist";
				LD_RUNPATH_SEARCH_PATHS = (
					"$(inherited)",
					"@executable_path/Frameworks",
					"@loader_path/Frameworks",
				);
				PRODUCT_BUNDLE_IDENTIFIER = "com.kesleyribeiro.Rideshare-CarUITests";
				PRODUCT_NAME = "$(TARGET_NAME)";
				SWIFT_VERSION = 4.2;
				TARGETED_DEVICE_FAMILY = "1,2";
				TEST_TARGET_NAME = "Rideshare Car";
			};
			name = Release;
		};
/* End XCBuildConfiguration section */

/* Begin XCConfigurationList section */
		E26C1B1321AF4F7F006A9C99 /* Build configuration list for PBXProject "Rideshare Car" */ = {
			isa = XCConfigurationList;
			buildConfigurations = (
				E26C1B3E21AF4F81006A9C99 /* Debug */,
				E26C1B3F21AF4F81006A9C99 /* Release */,
			);
			defaultConfigurationIsVisible = 0;
			defaultConfigurationName = Release;
		};
		E26C1B4021AF4F81006A9C99 /* Build configuration list for PBXNativeTarget "Rideshare Car" */ = {
			isa = XCConfigurationList;
			buildConfigurations = (
				E26C1B4121AF4F81006A9C99 /* Debug */,
				E26C1B4221AF4F81006A9C99 /* Release */,
			);
			defaultConfigurationIsVisible = 0;
			defaultConfigurationName = Release;
		};
		E26C1B4321AF4F81006A9C99 /* Build configuration list for PBXNativeTarget "Rideshare CarTests" */ = {
			isa = XCConfigurationList;
			buildConfigurations = (
				E26C1B4421AF4F81006A9C99 /* Debug */,
				E26C1B4521AF4F81006A9C99 /* Release */,
			);
			defaultConfigurationIsVisible = 0;
			defaultConfigurationName = Release;
		};
		E26C1B4621AF4F81006A9C99 /* Build configuration list for PBXNativeTarget "Rideshare CarUITests" */ = {
			isa = XCConfigurationList;
			buildConfigurations = (
				E26C1B4721AF4F81006A9C99 /* Debug */,
				E26C1B4821AF4F81006A9C99 /* Release */,
			);
			defaultConfigurationIsVisible = 0;
			defaultConfigurationName = Release;
		};
/* End XCConfigurationList section */
	};
	rootObject = E26C1B1021AF4F7F006A9C99 /* Project object */;
}
